
Microsoft Visual Studio Solution File, Format Version 12.00
# Visual Studio 2013
VisualStudioVersion = 12.0.21005.1
MinimumVisualStudioVersion = 10.0.40219.1
Project("{8BC9CEB8-8B4A-11D0-8D11-00A0C91BC942}") = "DecisionIndexReader", "DecisionIndexReader\DecisionIndexReader.vcxproj", "{0FA16604-604E-4E18-BDE0-3848AC37C663}"
	ProjectSection(ProjectDependencies) = postProject
		{8DFBDD3F-BEC6-41B4-B5DE-1905C4E4426E} = {8DFBDD3F-BEC6-41B4-B5DE-1905C4E4426E}
	EndProjectSection
EndProject
Project("{8BC9CEB8-8B4A-11D0-8D11-00A0C91BC942}") = "DecisionIndexWriter", "DecisionIndexWriter\DecisionIndexWriter.vcxproj", "{788A6DB1-819E-43C8-A425-EEE25E54D563}"
EndProject
Project("{8BC9CEB8-8B4A-11D0-8D11-00A0C91BC942}") = "DecisionIndexConverter_Old_To_New", "DecisionIndexConverter_Old_To_New\DecisionIndexConverter_Old_To_New.vcxproj", "{84A85C4C-27AE-4DEE-9197-507970A3D1BA}"
EndProject
Project("{8BC9CEB8-8B4A-11D0-8D11-00A0C91BC942}") = "TinyXmlLib", "TinyXmlLib\TinyXmlLib.vcxproj", "{8DFBDD3F-BEC6-41B4-B5DE-1905C4E4426E}"
EndProject
Project("{8BC9CEB8-8B4A-11D0-8D11-00A0C91BC942}") = "DirectionChangeIndexReader", "DirectionChangeIndexReader\DirectionChangeIndexReader.vcxproj", "{12471C41-A7BA-405D-9B2F-63FF6BAA7786}"
EndProject
Global
	GlobalSection(SolutionConfigurationPlatforms) = preSolution
		Debug|Win32 = Debug|Win32
		Release|Win32 = Release|Win32
	EndGlobalSection
	GlobalSection(ProjectConfigurationPlatforms) = postSolution
		{0FA16604-604E-4E18-BDE0-3848AC37C663}.Debug|Win32.ActiveCfg = Debug|Win32
		{0FA16604-604E-4E18-BDE0-3848AC37C663}.Debug|Win32.Build.0 = Debug|Win32
		{0FA16604-604E-4E18-BDE0-3848AC37C663}.Release|Win32.ActiveCfg = Release|Win32
		{0FA16604-604E-4E18-BDE0-3848AC37C663}.Release|Win32.Build.0 = Release|Win32
		{788A6DB1-819E-43C8-A425-EEE25E54D563}.Debug|Win32.ActiveCfg = Debug|Win32
		{788A6DB1-819E-43C8-A425-EEE25E54D563}.Debug|Win32.Build.0 = Debug|Win32
		{788A6DB1-819E-43C8-A425-EEE25E54D563}.Release|Win32.ActiveCfg = Release|Win32
		{788A6DB1-819E-43C8-A425-EEE25E54D563}.Release|Win32.Build.0 = Release|Win32
		{84A85C4C-27AE-4DEE-9197-507970A3D1BA}.Debug|Win32.ActiveCfg = Debug|Win32
		{84A85C4C-27AE-4DEE-9197-507970A3D1BA}.Debug|Win32.Build.0 = Debug|Win32
		{84A85C4C-27AE-4DEE-9197-507970A3D1BA}.Release|Win32.ActiveCfg = Release|Win32
		{84A85C4C-27AE-4DEE-9197-507970A3D1BA}.Release|Win32.Build.0 = Release|Win32
		{8DFBDD3F-BEC6-41B4-B5DE-1905C4E4426E}.Debug|Win32.ActiveCfg = Debug|Win32
		{8DFBDD3F-BEC6-41B4-B5DE-1905C4E4426E}.Debug|Win32.Build.0 = Debug|Win32
		{8DFBDD3F-BEC6-41B4-B5DE-1905C4E4426E}.Release|Win32.ActiveCfg = Release|Win32
		{8DFBDD3F-BEC6-41B4-B5DE-1905C4E4426E}.Release|Win32.Build.0 = Release|Win32
		{12471C41-A7BA-405D-9B2F-63FF6BAA7786}.Debug|Win32.ActiveCfg = Debug|Win32
		{12471C41-A7BA-405D-9B2F-63FF6BAA7786}.Debug|Win32.Build.0 = Debug|Win32
		{12471C41-A7BA-405D-9B2F-63FF6BAA7786}.Release|Win32.ActiveCfg = Release|Win32
		{12471C41-A7BA-405D-9B2F-63FF6BAA7786}.Release|Win32.Build.0 = Release|Win32
	EndGlobalSection
	GlobalSection(SolutionProperties) = preSolution
		HideSolutionNode = FALSE
	EndGlobalSection
EndGlobal
