
Microsoft Visual Studio Solution File, Format Version 10.00
# Visual Studio 2008
Project("{8BC9CEB8-8B4A-11D0-8D11-00A0C91BC942}") = "DecisionIndexWriter_2008", "DecisionIndexWriter_2008.vcproj", "{223B26A6-2B3B-42DE-B491-59CE434DF62D}"
EndProject
Global
	GlobalSection(SolutionConfigurationPlatforms) = preSolution
		Debug|Win32 = Debug|Win32
		Release|Win32 = Release|Win32
	EndGlobalSection
	GlobalSection(ProjectConfigurationPlatforms) = postSolution
		{223B26A6-2B3B-42DE-B491-59CE434DF62D}.Debug|Win32.ActiveCfg = Debug|Win32
		{223B26A6-2B3B-42DE-B491-59CE434DF62D}.Debug|Win32.Build.0 = Debug|Win32
		{223B26A6-2B3B-42DE-B491-59CE434DF62D}.Release|Win32.ActiveCfg = Release|Win32
		{223B26A6-2B3B-42DE-B491-59CE434DF62D}.Release|Win32.Build.0 = Release|Win32
	EndGlobalSection
	GlobalSection(SolutionProperties) = preSolution
		HideSolutionNode = FALSE
	EndGlobalSection
EndGlobal
